{
  "name": "svelte-type-js",
  "version": "0.1.0",
  "lockfileVersion": 1,
  "requires": true,
  "dependencies": {
    "svelte": {
      "version": "3.25.0",
      "resolved": "https://registry.npmjs.org/svelte/-/svelte-3.25.0.tgz",
      "integrity": "sha512-CUfq+YTC5Q0tBg7Q9X/QxNutdEYp7ogdbcTZF3mrowOlp3+OF1ZexHwI0Io2VqFSDxht7TlA2lTIQC4RnhR1MQ==",
      "dev": true
    },
    "typed.js": {
      "version": "2.0.11",
      "resolved": "https://registry.npmjs.org/typed.js/-/typed.js-2.0.11.tgz",
      "integrity": "sha512-1ZORHalEyLob34q738mqmwp0pT6syMigB1SZuTItqdhovWBKFIt7I5uVALXAGQZCg2MCtihCt6uqkoqPJK+9iQ==",
      "dev": true
    }
  }
}
